<?xml version="1.0" encoding="utf-8"?>
<Project ToolsVersion="4.0" xmlns="http://schemas.microsoft.com/developer/msbuild/2003">
  <ItemGroup>
    <Filter Include="Generated Files">
      <UniqueIdentifier>{71ED8ED8-ACB9-4CE9-BBE1-E00B30144E11}</UniqueIdentifier>
      <Extensions>cpp;c;cxx;moc;h;def;odl;idl;res;</Extensions>
    </Filter>
    <Filter Include="Generated Files">
      <UniqueIdentifier>{71ED8ED8-ACB9-4CE9-BBE1-E00B30144E11}</UniqueIdentifier>
      <Extensions>cpp;c;cxx;moc;h;def;odl;idl;res;</Extensions>
    </Filter>
    <Filter Include="Header Files">
      <UniqueIdentifier>{93995380-89BD-4b04-88EB-625FBE52EBFB}</UniqueIdentifier>
      <Extensions>h;hpp;hxx;hm;inl;inc;xsd</Extensions>
    </Filter>
    <Filter Include="Header Files">
      <UniqueIdentifier>{93995380-89BD-4b04-88EB-625FBE52EBFB}</UniqueIdentifier>
      <Extensions>h;hpp;hxx;hm;inl;inc;xsd</Extensions>
    </Filter>
    <Filter Include="Resource Files">
      <UniqueIdentifier>{D9D6E242-F8AF-46E4-B9FD-80ECBC20BA3E}</UniqueIdentifier>
      <Extensions>qrc;*</Extensions>
      <ParseFiles>false</ParseFiles>
    </Filter>
    <Filter Include="Resource Files">
      <UniqueIdentifier>{D9D6E242-F8AF-46E4-B9FD-80ECBC20BA3E}</UniqueIdentifier>
      <Extensions>qrc;*</Extensions>
      <ParseFiles>false</ParseFiles>
    </Filter>
    <Filter Include="Source Files">
      <UniqueIdentifier>{4FC737F1-C7A5-4376-A066-2A32D752A2FF}</UniqueIdentifier>
      <Extensions>cpp;c;cxx;def;odl;idl;hpj;bat;asm;asmx</Extensions>
    </Filter>
    <Filter Include="Source Files">
      <UniqueIdentifier>{4FC737F1-C7A5-4376-A066-2A32D752A2FF}</UniqueIdentifier>
      <Extensions>cpp;c;cxx;def;odl;idl;hpj;bat;asm;asmx</Extensions>
    </Filter>
  </ItemGroup>
  <ItemGroup>
    <ClCompile Include="Pieces.cpp">
      <Filter>Source Files</Filter>
    </ClCompile>
    <ClCompile Include="ai_logic.cpp">
      <Filter>Source Files</Filter>
    </ClCompile>
    <ClCompile Include="bitboards.cpp">
      <Filter>Source Files</Filter>
    </ClCompile>
    <ClCompile Include="evaluatebb.cpp">
      <Filter>Source Files</Filter>
    </ClCompile>
    <ClCompile Include="hashentry.cpp">
      <Filter>Source Files</Filter>
    </ClCompile>
    <ClCompile Include="main.cpp">
      <Filter>Source Files</Filter>
    </ClCompile>
    <ClCompile Include="tile.cpp">
      <Filter>Source Files</Filter>
    </ClCompile>
    <ClCompile Include="zobristh.cpp">
      <Filter>Source Files</Filter>
    </ClCompile>
    <ClCompile Include="move.cpp">
      <Filter>Source Files</Filter>
    </ClCompile>
    <ClCompile Include="movegen.cpp">
      <Filter>Source Files</Filter>
    </ClCompile>
    <ClCompile Include="slider_attacks.cpp">
      <Filter>Source Files</Filter>
    </ClCompile>
  </ItemGroup>
  <ItemGroup>
    <ClCompile Include="debug\qrc_Images.cpp">
      <Filter>Generated Files</Filter>
    </ClCompile>
    <ClCompile Include="release\qrc_Images.cpp">
      <Filter>Generated Files</Filter>
    </ClCompile>
  </ItemGroup>
  <ItemGroup>
    <CustomBuild Include="Images.qrc">
      <Filter>Resource Files</Filter>
    </CustomBuild>
    <CustomBuild Include="Pieces.h">
      <Filter>Header Files</Filter>
    </CustomBuild>
    <CustomBuild Include="ai_logic.h">
      <Filter>Header Files</Filter>
    </CustomBuild>
    <CustomBuild Include="bitboards.h">
      <Filter>Header Files</Filter>
    </CustomBuild>
    <CustomBuild Include="evaluate.h">
      <Filter>Header Files</Filter>
    </CustomBuild>
    <CustomBuild Include="evaluatebb.h">
      <Filter>Header Files</Filter>
    </CustomBuild>
    <CustomBuild Include="externs.h">
      <Filter>Header Files</Filter>
    </CustomBuild>
    <CustomBuild Include="hashentry.h">
      <Filter>Header Files</Filter>
    </CustomBuild>
    <CustomBuild Include="tile.h">
      <Filter>Header Files</Filter>
    </CustomBuild>
    <CustomBuild Include="zobristh.h">
      <Filter>Header Files</Filter>
    </CustomBuild>
    <CustomBuild Include="Images\bishop_black.svg">
      <Filter>Resource Files</Filter>
    </CustomBuild>
    <CustomBuild Include="Images\bishop_white.svg">
      <Filter>Resource Files</Filter>
    </CustomBuild>
    <CustomBuild Include="Images\king_black.svg">
      <Filter>Resource Files</Filter>
    </CustomBuild>
    <CustomBuild Include="Images\king_white.svg">
      <Filter>Resource Files</Filter>
    </CustomBuild>
    <CustomBuild Include="Images\knight_black.svg">
      <Filter>Resource Files</Filter>
    </CustomBuild>
    <CustomBuild Include="Images\knight_white.svg">
      <Filter>Resource Files</Filter>
    </CustomBuild>
    <CustomBuild Include="Images\pawn_black.svg">
      <Filter>Resource Files</Filter>
    </CustomBuild>
    <CustomBuild Include="Images\pawn_white.svg">
      <Filter>Resource Files</Filter>
    </CustomBuild>
    <CustomBuild Include="Images\queen_black.svg">
      <Filter>Resource Files</Filter>
    </CustomBuild>
    <CustomBuild Include="Images\queen_white.svg">
      <Filter>Resource Files</Filter>
    </CustomBuild>
    <CustomBuild Include="Images\rook_black.svg">
      <Filter>Resource Files</Filter>
    </CustomBuild>
    <CustomBuild Include="Images\rook_white.svg">
      <Filter>Resource Files</Filter>
    </CustomBuild>
  </ItemGroup>
  <ItemGroup>
    <ClInclude Include="move.h">
      <Filter>Header Files</Filter>
    </ClInclude>
    <ClInclude Include="movegen.h">
      <Filter>Header Files</Filter>
    </ClInclude>
    <ClInclude Include="slider_attacks.h">
      <Filter>Header Files</Filter>
    </ClInclude>
    <ClInclude Include="common.h">
      <Filter>Header Files</Filter>
    </ClInclude>
  </ItemGroup>
</Project>